
Microsoft Visual Studio Solution File, Format Version 12.00
# Visual Studio 2013
VisualStudioVersion = 12.0.21005.1
MinimumVisualStudioVersion = 10.0.40219.1
Project("{FAE04EC0-301F-11D3-BF4B-00C04F79EFBC}") = "wwb.ECharts", "wwb.ECharts\wwb.ECharts.csproj", "{5ABBAFF7-6685-4363-AC8A-1C00B0CCC75A}"
EndProject
Project("{FAE04EC0-301F-11D3-BF4B-00C04F79EFBC}") = "wwb.map", "wwb.map\wwb.map.csproj", "{6EF84F67-51C4-43DD-93D8-57147C94F484}"
EndProject
Project("{FAE04EC0-301F-11D3-BF4B-00C04F79EFBC}") = "wwb.ECharts.Demo", "wwb.ECharts.Demo\wwb.ECharts.Demo.csproj", "{A112EDBA-948F-4FD9-910F-87616E645AE1}"
EndProject
Global
	GlobalSection(SolutionConfigurationPlatforms) = preSolution
		Debug|Any CPU = Debug|Any CPU
		Release|Any CPU = Release|Any CPU
	EndGlobalSection
	GlobalSection(ProjectConfigurationPlatforms) = postSolution
		{5ABBAFF7-6685-4363-AC8A-1C00B0CCC75A}.Debug|Any CPU.ActiveCfg = Debug|Any CPU
		{5ABBAFF7-6685-4363-AC8A-1C00B0CCC75A}.Debug|Any CPU.Build.0 = Debug|Any CPU
		{5ABBAFF7-6685-4363-AC8A-1C00B0CCC75A}.Release|Any CPU.ActiveCfg = Release|Any CPU
		{5ABBAFF7-6685-4363-AC8A-1C00B0CCC75A}.Release|Any CPU.Build.0 = Release|Any CPU
		{6EF84F67-51C4-43DD-93D8-57147C94F484}.Debug|Any CPU.ActiveCfg = Debug|Any CPU
		{6EF84F67-51C4-43DD-93D8-57147C94F484}.Debug|Any CPU.Build.0 = Debug|Any CPU
		{6EF84F67-51C4-43DD-93D8-57147C94F484}.Release|Any CPU.ActiveCfg = Release|Any CPU
		{6EF84F67-51C4-43DD-93D8-57147C94F484}.Release|Any CPU.Build.0 = Release|Any CPU
		{A112EDBA-948F-4FD9-910F-87616E645AE1}.Debug|Any CPU.ActiveCfg = Debug|Any CPU
		{A112EDBA-948F-4FD9-910F-87616E645AE1}.Debug|Any CPU.Build.0 = Debug|Any CPU
		{A112EDBA-948F-4FD9-910F-87616E645AE1}.Release|Any CPU.ActiveCfg = Release|Any CPU
		{A112EDBA-948F-4FD9-910F-87616E645AE1}.Release|Any CPU.Build.0 = Release|Any CPU
	EndGlobalSection
	GlobalSection(SolutionProperties) = preSolution
		HideSolutionNode = FALSE
	EndGlobalSection
EndGlobal
